// !$*UTF8*$!
{
	archiveVersion = 1;
	classes = {
	};
	objectVersion = 46;
	objects = {

/* Begin PBXBuildFile section */
		727179E71BC6DA3200889303 /* AppDelegate.swift in Sources */ = {isa = PBXBuildFile; fileRef = 727179E61BC6DA3200889303 /* AppDelegate.swift */; };
		727179E91BC6DA3200889303 /* GameScene.sks in Resources */ = {isa = PBXBuildFile; fileRef = 727179E81BC6DA3200889303 /* GameScene.sks */; };
		727179EB1BC6DA3200889303 /* GameScene.swift in Sources */ = {isa = PBXBuildFile; fileRef = 727179EA1BC6DA3200889303 /* GameScene.swift */; };
		727179ED1BC6DA3200889303 /* GameViewController.swift in Sources */ = {isa = PBXBuildFile; fileRef = 727179EC1BC6DA3200889303 /* GameViewController.swift */; };
		727179F01BC6DA3200889303 /* Main.storyboard in Resources */ = {isa = PBXBuildFile; fileRef = 727179EE1BC6DA3200889303 /* Main.storyboard */; };
		727179F21BC6DA3200889303 /* Assets.xcassets in Resources */ = {isa = PBXBuildFile; fileRef = 727179F11BC6DA3200889303 /* Assets.xcassets */; };
		727179F51BC6DA3200889303 /* LaunchScreen.storyboard in Resources */ = {isa = PBXBuildFile; fileRef = 727179F31BC6DA3200889303 /* LaunchScreen.storyboard */; };
/* End PBXBuildFile section */

/* Begin PBXFileReference section */
		727179E31BC6DA3200889303 /* Flappy Bird-Clone.app */ = {isa = PBXFileReference; explicitFileType = wrapper.application; includeInIndex = 0; path = "Flappy Bird-Clone.app"; sourceTree = BUILT_PRODUCTS_DIR; };
		727179E61BC6DA3200889303 /* AppDelegate.swift */ = {isa = PBXFileReference; lastKnownFileType = sourcecode.swift; path = AppDelegate.swift; sourceTree = "<group>"; };
		727179E81BC6DA3200889303 /* GameScene.sks */ = {isa = PBXFileReference; lastKnownFileType = file.sks; path = GameScene.sks; sourceTree = "<group>"; };
		727179EA1BC6DA3200889303 /* GameScene.swift */ = {isa = PBXFileReference; lastKnownFileType = sourcecode.swift; path = GameScene.swift; sourceTree = "<group>"; };
		727179EC1BC6DA3200889303 /* GameViewController.swift */ = {isa = PBXFileReference; lastKnownFileType = sourcecode.swift; path = GameViewController.swift; sourceTree = "<group>"; };
		727179EF1BC6DA3200889303 /* Base */ = {isa = PBXFileReference; lastKnownFileType = file.storyboard; name = Base; path = Base.lproj/Main.storyboard; sourceTree = "<group>"; };
		727179F11BC6DA3200889303 /* Assets.xcassets */ = {isa = PBXFileReference; lastKnownFileType = folder.assetcatalog; path = Assets.xcassets; sourceTree = "<group>"; };
		727179F41BC6DA3200889303 /* Base */ = {isa = PBXFileReference; lastKnownFileType = file.storyboard; name = Base; path = Base.lproj/LaunchScreen.storyboard; sourceTree = "<group>"; };
		727179F61BC6DA3200889303 /* Info.plist */ = {isa = PBXFileReference; lastKnownFileType = text.plist.xml; path = Info.plist; sourceTree = "<group>"; };
/* End PBXFileReference section */

/* Begin PBXFrameworksBuildPhase section */
		727179E01BC6DA3200889303 /* Frameworks */ = {
			isa = PBXFrameworksBuildPhase;
			buildActionMask = 2147483647;
			files = (
			);
			runOnlyForDeploymentPostprocessing = 0;
		};
/* End PBXFrameworksBuildPhase section */

/* Begin PBXGroup section */
		727179DA1BC6DA3200889303 = {
			isa = PBXGroup;
			children = (
				727179E51BC6DA3200889303 /* Flappy Bird-Clone */,
				727179E41BC6DA3200889303 /* Products */,
			);
			sourceTree = "<group>";
		};
		727179E41BC6DA3200889303 /* Products */ = {
			isa = PBXGroup;
			children = (
				727179E31BC6DA3200889303 /* Flappy Bird-Clone.app */,
			);
			name = Products;
			sourceTree = "<group>";
		};
		727179E51BC6DA3200889303 /* Flappy Bird-Clone */ = {
			isa = PBXGroup;
			children = (
				727179E61BC6DA3200889303 /* AppDelegate.swift */,
				727179E81BC6DA3200889303 /* GameScene.sks */,
				727179EA1BC6DA3200889303 /* GameScene.swift */,
				727179EC1BC6DA3200889303 /* GameViewController.swift */,
				727179EE1BC6DA3200889303 /* Main.storyboard */,
				727179F11BC6DA3200889303 /* Assets.xcassets */,
				727179F31BC6DA3200889303 /* LaunchScreen.storyboard */,
				727179F61BC6DA3200889303 /* Info.plist */,
			);
			path = "Flappy Bird-Clone";
			sourceTree = "<group>";
		};
/* End PBXGroup section */

/* Begin PBXNativeTarget section */
		727179E21BC6DA3200889303 /* Flappy Bird-Clone */ = {
			isa = PBXNativeTarget;
			buildConfigurationList = 727179F91BC6DA3200889303 /* Build configuration list for PBXNativeTarget "Flappy Bird-Clone" */;
			buildPhases = (
				727179DF1BC6DA3200889303 /* Sources */,
				727179E01BC6DA3200889303 /* Frameworks */,
				727179E11BC6DA3200889303 /* Resources */,
			);
			buildRules = (
			);
			dependencies = (
			);
			name = "Flappy Bird-Clone";
			productName = "Flappy Bird-Clone";
			productReference = 727179E31BC6DA3200889303 /* Flappy Bird-Clone.app */;
			productType = "com.apple.product-type.application";
		};
/* End PBXNativeTarget section */

/* Begin PBXProject section */
		727179DB1BC6DA3200889303 /* Project object */ = {
			isa = PBXProject;
			attributes = {
				LastUpgradeCheck = 0700;
				TargetAttributes = {
					727179E21BC6DA3200889303 = {
						CreatedOnToolsVersion = 7.0.1;
					};
				};
			};
			buildConfigurationList = 727179DE1BC6DA3200889303 /* Build configuration list for PBXProject "Flappy Bird-Clone" */;
			compatibilityVersion = "Xcode 3.2";
			developmentRegion = English;
			hasScannedForEncodings = 0;
			knownRegions = (
				en,
				Base,
			);
			mainGroup = 727179DA1BC6DA3200889303;
			productRefGroup = 727179E41BC6DA3200889303 /* Products */;
			projectDirPath = "";
			projectRoot = "";
			targets = (
				727179E21BC6DA3200889303 /* Flappy Bird-Clone */,
			);
		};
/* End PBXProject section */

/* Begin PBXResourcesBuildPhase section */
		727179E11BC6DA3200889303 /* Resources */ = {
			isa = PBXResourcesBuildPhase;
			buildActionMask = 2147483647;
			files = (
				727179E91BC6DA3200889303 /* GameScene.sks in Resources */,
				727179F51BC6DA3200889303 /* LaunchScreen.storyboard in Resources */,
				727179F21BC6DA3200889303 /* Assets.xcassets in Resources */,
				727179F01BC6DA3200889303 /* Main.storyboard in Resources */,
			);
			runOnlyForDeploymentPostprocessing = 0;
		};
/* End PBXResourcesBuildPhase section */

/* Begin PBXSourcesBuildPhase section */
		727179DF1BC6DA3200889303 /* Sources */ = {
			isa = PBXSourcesBuildPhase;
			buildActionMask = 2147483647;
			files = (
				727179EB1BC6DA3200889303 /* GameScene.swift in Sources */,
				727179ED1BC6DA3200889303 /* GameViewController.swift in Sources */,
				727179E71BC6DA3200889303 /* AppDelegate.swift in Sources */,
			);
			runOnlyForDeploymentPostprocessing = 0;
		};
/* End PBXSourcesBuildPhase section */

/* Begin PBXVariantGroup section */
		727179EE1BC6DA3200889303 /* Main.storyboard */ = {
			isa = PBXVariantGroup;
			children = (
				727179EF1BC6DA3200889303 /* Base */,
			);
			name = Main.storyboard;
			sourceTree = "<group>";
		};
		727179F31BC6DA3200889303 /* LaunchScreen.storyboard */ = {
			isa = PBXVariantGroup;
			children = (
				727179F41BC6DA3200889303 /* Base */,
			);
			name = LaunchScreen.storyboard;
			sourceTree = "<group>";
		};
/* End PBXVariantGroup section */

/* Begin XCBuildConfiguration section */
		727179F71BC6DA3200889303 /* Debug */ = {
			isa = XCBuildConfiguration;
			buildSettings = {
				ALWAYS_SEARCH_USER_PATHS = NO;
				CLANG_CXX_LANGUAGE_STANDARD = "gnu++0x";
				CLANG_CXX_LIBRARY = "libc++";
				CLANG_ENABLE_MODULES = YES;
				CLANG_ENABLE_OBJC_ARC = YES;
				CLANG_WARN_BOOL_CONVERSION = YES;
				CLANG_WARN_CONSTANT_CONVERSION = YES;
				CLANG_WARN_DIRECT_OBJC_ISA_USAGE = YES_ERROR;
				CLANG_WARN_EMPTY_BODY = YES;
				CLANG_WARN_ENUM_CONVERSION = YES;
				CLANG_WARN_INT_CONVERSION = YES;
				CLANG_WARN_OBJC_ROOT_CLASS = YES_ERROR;
				CLANG_WARN_UNREACHABLE_CODE = YES;
				CLANG_WARN__DUPLICATE_METHOD_MATCH = YES;
				"CODE_SIGN_IDENTITY[sdk=iphoneos*]" = "iPhone Developer";
				COPY_PHASE_STRIP = NO;
				DEBUG_INFORMATION_FORMAT = "dwarf-with-dsym";
				ENABLE_STRICT_OBJC_MSGSEND = YES;
				ENABLE_TESTABILITY = YES;
				GCC_C_LANGUAGE_STANDARD = gnu99;
				GCC_DYNAMIC_NO_PIC = NO;
				GCC_NO_COMMON_BLOCKS = YES;
				GCC_OPTIMIZATION_LEVEL = 0;
				GCC_PREPROCESSOR_DEFINITIONS = (
					"DEBUG=1",
					"$(inherited)",
				);
				GCC_WARN_64_TO_32_BIT_CONVERSION = YES;
				GCC_WARN_ABOUT_RETURN_TYPE = YES_ERROR;
				GCC_WARN_UNDECLARED_SELECTOR = YES;
				GCC_WARN_UNINITIALIZED_AUTOS = YES_AGGRESSIVE;
				GCC_WARN_UNUSED_FUNCTION = YES;
				GCC_WARN_UNUSED_VARIABLE = YES;
				IPHONEOS_DEPLOYMENT_TARGET = 9.0;
				MTL_ENABLE_DEBUG_INFO = YES;
				ONLY_ACTIVE_ARCH = YES;
				SDKROOT = iphoneos;
				SWIFT_OPTIMIZATION_LEVEL = "-Onone";
			};
			name = Debug;
		};
		727179F81BC6DA3200889303 /* Release */ = {
			isa = XCBuildConfiguration;
			buildSettings = {
				ALWAYS_SEARCH_USER_PATHS = NO;
				CLANG_CXX_LANGUAGE_STANDARD = "gnu++0x";
				CLANG_CXX_LIBRARY = "libc++";
				CLANG_ENABLE_MODULES = YES;
				CLANG_ENABLE_OBJC_ARC = YES;
				CLANG_WARN_BOOL_CONVERSION = YES;
				CLANG_WARN_CONSTANT_CONVERSION = YES;
				CLANG_WARN_DIRECT_OBJC_ISA_USAGE = YES_ERROR;
				CLANG_WARN_EMPTY_BODY = YES;
				CLANG_WARN_ENUM_CONVERSION = YES;
				CLANG_WARN_INT_CONVERSION = YES;
				CLANG_WARN_OBJC_ROOT_CLASS = YES_ERROR;
				CLANG_WARN_UNREACHABLE_CODE = YES;
				CLANG_WARN__DUPLICATE_METHOD_MATCH = YES;
				"CODE_SIGN_IDENTITY[sdk=iphoneos*]" = "iPhone Developer";
				COPY_PHASE_STRIP = NO;
				DEBUG_INFORMATION_FORMAT = "dwarf-with-dsym";
				ENABLE_NS_ASSERTIONS = NO;
				ENABLE_STRICT_OBJC_MSGSEND = YES;
				GCC_C_LANGUAGE_STANDARD = gnu99;
				GCC_NO_COMMON_BLOCKS = YES;
				GCC_WARN_64_TO_32_BIT_CONVERSION = YES;
				GCC_WARN_ABOUT_RETURN_TYPE = YES_ERROR;
				GCC_WARN_UNDECLARED_SELECTOR = YES;
				GCC_WARN_UNINITIALIZED_AUTOS = YES_AGGRESSIVE;
				GCC_WARN_UNUSED_FUNCTION = YES;
				GCC_WARN_UNUSED_VARIABLE = YES;
				IPHONEOS_DEPLOYMENT_TARGET = 9.0;
				MTL_ENABLE_DEBUG_INFO = NO;
				SDKROOT = iphoneos;
				VALIDATE_PRODUCT = YES;
			};
			name = Release;
		};
		727179FA1BC6DA3200889303 /* Debug */ = {
			isa = XCBuildConfiguration;
			buildSettings = {
				ASSETCATALOG_COMPILER_APPICON_NAME = AppIcon;
				INFOPLIST_FILE = "Flappy Bird-Clone/Info.plist";
				LD_RUNPATH_SEARCH_PATHS = "$(inherited) @executable_path/Frameworks";
				PRODUCT_BUNDLE_IDENTIFIER = "com.Flappy-Bird-Clone";
				PRODUCT_NAME = "$(TARGET_NAME)";
			};
			name = Debug;
		};
		727179FB1BC6DA3200889303 /* Release */ = {
			isa = XCBuildConfiguration;
			buildSettings = {
				ASSETCATALOG_COMPILER_APPICON_NAME = AppIcon;
				INFOPLIST_FILE = "Flappy Bird-Clone/Info.plist";
				LD_RUNPATH_SEARCH_PATHS = "$(inherited) @executable_path/Frameworks";
				PRODUCT_BUNDLE_IDENTIFIER = "com.Flappy-Bird-Clone";
				PRODUCT_NAME = "$(TARGET_NAME)";
			};
			name = Release;
		};
/* End XCBuildConfiguration section */

/* Begin XCConfigurationList section */
		727179DE1BC6DA3200889303 /* Build configuration list for PBXProject "Flappy Bird-Clone" */ = {
			isa = XCConfigurationList;
			buildConfigurations = (
				727179F71BC6DA3200889303 /* Debug */,
				727179F81BC6DA3200889303 /* Release */,
			);
			defaultConfigurationIsVisible = 0;
			defaultConfigurationName = Release;
		};
		727179F91BC6DA3200889303 /* Build configuration list for PBXNativeTarget "Flappy Bird-Clone" */ = {
			isa = XCConfigurationList;
			buildConfigurations = (
				727179FA1BC6DA3200889303 /* Debug */,
				727179FB1BC6DA3200889303 /* Release */,
			);
			defaultConfigurationIsVisible = 0;
		};
/* End XCConfigurationList section */
	};
	rootObject = 727179DB1BC6DA3200889303 /* Project object */;
}
